<Solution>
  <Project Path="PlataformaPedidos.Dominio/PlataformaPedidos.Dominio.csproj" />
  <Project Path="PlataformaPedidos.Servicios/PlataformaPedidos.Servicios.csproj" />
  <Project Path="PlataformaPedidos.Repositorio.Postgress/PlataformaPedidos.Repositorio.Postgress.csproj" />
  <Project Path="PlataformaPedidos.Test/PlataformaPedidos.Test.csproj" />
</Solution>
