<Solution>
  <Project Path="PlataformaPedidos.Dominio/PlataformaPedidos.Dominio.csproj" />
  <Project Path="PlataformaPedidos.Servicios/PlataformaPedidos.Servicios.csproj" />
  <Project Path="PlataformaPedidos.Test/PlataformaPedidos.Test.csproj" />
  <Project Path="PlataformaPedidos.Persistencia.mongodb/PlataformaPedidos.Persistencia.mongodb.csproj" />
</Solution>
